{
  "version": 4,
  "terraform_version": "1.0.2",
  "serial": 76,
  "lineage": "edd06c56-8ed5-c4a3-16d0-edd0afc9618e",
  "outputs": {},
  "resources": [
    {
      "mode": "managed",
      "type": "junos-vsrx_commit",
      "name": "commit-main",
      "provider": "provider[\"juniper/providers/junos-vsrx\"]",
      "instances": [
        {
          "schema_version": 0,
          "attributes": {
            "id": "13.68.239.180_commit",
            "resource_name": "commit"
          },
          "sensitive_attributes": [],
          "private": "bnVsbA==",
          "dependencies": [
            "junos-vsrx_destroycommit.commit-main",
            "module.interfaces.junos-vsrx_InterfacesInterfaceDescription.InterfacesInterfaceDescription_1",
            "module.interfaces.junos-vsrx_InterfacesInterfaceDescription.InterfacesInterfaceDescription_2",
            "module.interfaces.junos-vsrx_InterfacesInterfaceUnitFamilyInetAddressName.InterfacesInterfaceUnitFamilyInetAddressName_1",
            "module.interfaces.junos-vsrx_InterfacesInterfaceUnitFamilyInetAddressName.InterfacesInterfaceUnitFamilyInetAddressName_2",
            "module.interfaces.junos-vsrx_SecurityZonesSecurity__ZoneInterfacesHost__Inbound__TrafficProtocolsName.seczonesprotocol_1",
            "module.interfaces.junos-vsrx_SecurityZonesSecurity__ZoneInterfacesHost__Inbound__TrafficProtocolsName.seczonesprotocol_2",
            "module.interfaces.junos-vsrx_SecurityZonesSecurity__ZoneInterfacesHost__Inbound__TrafficSystem__ServicesName.seczonesservices_1",
            "module.interfaces.junos-vsrx_SecurityZonesSecurity__ZoneInterfacesHost__Inbound__TrafficSystem__ServicesName.seczonesservices_2",
            "module.ipsec.junos-vsrx_InterfacesInterfaceDescription.InterfacesInterfaceDescription_st0",
            "module.ipsec.junos-vsrx_InterfacesInterfaceUnitFamilyInetAddressName.InterfacesInterfaceUnitFamilyInetAddressName_st0",
            "module.ipsec.junos-vsrx_SecurityIkeGatewayAddress.ikeGwAddress",
            "module.ipsec.junos-vsrx_SecurityIkeGatewayExternal__Interface.ikeGwExtIntf",
            "module.ipsec.junos-vsrx_SecurityIkeGatewayIke__Policy.ikeGwPolicy",
            "module.ipsec.junos-vsrx_SecurityIkeGatewayLocal__Address.ikeGwLocalAddr",
            "module.ipsec.junos-vsrx_SecurityIkeGatewayVersion.ikeGwVer",
            "module.ipsec.junos-vsrx_SecurityIkePolicyPre__Shared__KeyAscii__Text.ikePsk",
            "module.ipsec.junos-vsrx_SecurityIkePolicyProposals.ikePolicyProp",
            "module.ipsec.junos-vsrx_SecurityIkeProposalAuthentication__Algorithm.ikeAuthAlgo",
            "module.ipsec.junos-vsrx_SecurityIkeProposalAuthentication__Method.ikeAuth",
            "module.ipsec.junos-vsrx_SecurityIkeProposalDh__Group.ikeDh",
            "module.ipsec.junos-vsrx_SecurityIkeProposalEncryption__Algorithm.ikeEncryptAlgo",
            "module.ipsec.junos-vsrx_SecurityIkeProposalLifetime__Seconds.ikeLifeSec",
            "module.ipsec.junos-vsrx_SecurityIpsecPolicyPerfect__Forward__SecrecyKeys.ipsecPolPfs",
            "module.ipsec.junos-vsrx_SecurityIpsecPolicyProposals.ipsecPolProp",
            "module.ipsec.junos-vsrx_SecurityIpsecProposalAuthentication__Algorithm.ipsecPropAuthAlgo",
            "module.ipsec.junos-vsrx_SecurityIpsecProposalEncryption__Algorithm.ipsecPropEncryptAlgo",
            "module.ipsec.junos-vsrx_SecurityIpsecProposalLifetime__Seconds.ipsecPropLifeSec",
            "module.ipsec.junos-vsrx_SecurityIpsecProposalProtocol.ipsecPropProto",
            "module.ipsec.junos-vsrx_SecurityIpsecVpnBind__Interface.ipsecBindIntf",
            "module.ipsec.junos-vsrx_SecurityIpsecVpnEstablish__Tunnels.estdTunnel",
            "module.ipsec.junos-vsrx_SecurityIpsecVpnIkeGateway.ipsecIkeGw",
            "module.ipsec.junos-vsrx_SecurityIpsecVpnIkeIpsec__Policy.ipsecPol",
            "module.ipsec.junos-vsrx_SecurityIpsecVpnTraffic__SelectorLocal__Ip.TrafficSelector_VPN2",
            "module.ipsec.junos-vsrx_SecurityIpsecVpnTraffic__SelectorRemote__Ip.TrafficSelector_VPN1",
            "module.ipsec.junos-vsrx_SecurityZonesSecurity__ZoneInterfacesHost__Inbound__TrafficProtocolsName.seczonesprotocol_st0",
            "module.ipsec.junos-vsrx_SecurityZonesSecurity__ZoneInterfacesHost__Inbound__TrafficSystem__ServicesName.seczonesservices_st0",
            "module.security-policies.junos-vsrx_ApplicationsApplicationDestination__Port.DPORT-26",
            "module.security-policies.junos-vsrx_ApplicationsApplicationDestination__Port.DPORT-27",
            "module.security-policies.junos-vsrx_ApplicationsApplicationProtocol.TCP-26",
            "module.security-policies.junos-vsrx_ApplicationsApplicationProtocol.TCP-27",
            "module.security-policies.junos-vsrx_SecurityAddress__BookAddressIp__Prefix.SecurityAddress__BookAddressIp__Prefix_1",
            "module.security-policies.junos-vsrx_SecurityAddress__BookAddressIp__Prefix.SecurityAddress__BookAddressIp__Prefix_2",
            "module.security-policies.junos-vsrx_SecurityAddress__BookAddressIp__Prefix.SecurityAddress__BookAddressIp__Prefix_3",
            "module.security-policies.junos-vsrx_SecurityAddress__BookAddressIp__Prefix.SecurityAddress__BookAddressIp__Prefix_4",
            "module.security-policies.junos-vsrx_SecurityAddress__BookAddress__SetAddressName.SecurityAddress__BookAddress__SetAddressName_1",
            "module.security-policies.junos-vsrx_SecurityAddress__BookAddress__SetAddressName.SecurityAddress__BookAddress__SetAddressName_2",
            "module.security-policies.junos-vsrx_SecurityPoliciesPolicyPolicyMatchApplication.SecurityPoliciesPolicyPolicyMatchApplication_1",
            "module.security-policies.junos-vsrx_SecurityPoliciesPolicyPolicyMatchApplication.SecurityPoliciesPolicyPolicyMatchApplication_2",
            "module.security-policies.junos-vsrx_SecurityPoliciesPolicyPolicyMatchDestination__Address.SecurityPoliciesPolicyPolicyMatchDestination__Address_1",
            "module.security-policies.junos-vsrx_SecurityPoliciesPolicyPolicyMatchDestination__Address.SecurityPoliciesPolicyPolicyMatchDestination__Address_2",
            "module.security-policies.junos-vsrx_SecurityPoliciesPolicyPolicyMatchSource__Address.SecurityPoliciesPolicyPolicyMatchSource__Address_1",
            "module.security-policies.junos-vsrx_SecurityPoliciesPolicyPolicyMatchSource__Address.SecurityPoliciesPolicyPolicyMatchSource__Address_2",
            "module.security-policies.junos-vsrx_SecurityPoliciesPolicyPolicyThenCount.SecurityPoliciesPolicyPolicyThenCount",
            "module.security-policies.junos-vsrx_SecurityPoliciesPolicyPolicyThenDeny.SecurityPoliciesPolicyPolicyThenDeny_2",
            "module.security-policies.junos-vsrx_SecurityPoliciesPolicyPolicyThenLogSession__Init.SecurityPoliciesPolicyPolicyThenLogSession__Init_1",
            "module.security-policies.junos-vsrx_SecurityPoliciesPolicyPolicyThenPermit.SecurityPoliciesPolicyPolicyThenPermit__Policy_9",
            "module.vpn.junos-vsrx_Routing__InstancesInstanceDescription.l3vpn_description_1",
            "module.vpn.junos-vsrx_Routing__InstancesInstanceInstance__Type.l3vpn_instance_type_1",
            "module.vpn.junos-vsrx_Routing__InstancesInstanceInterfaceName.l3vpn_interface_1_1",
            "module.vpn.junos-vsrx_Routing__InstancesInstanceRoute__DistinguisherRd__Type.l3vpn_rd_1",
            "module.vpn.junos-vsrx_Routing__InstancesInstanceVrf__Table__Label.l3vpn_tablelabel_1",
            "module.vpn.junos-vsrx_Routing__InstancesInstanceVrf__TargetCommunity.l3vpn_rt_1"
          ]
        }
      ]
    },
    {
      "mode": "managed",
      "type": "junos-vsrx_destroycommit",
      "name": "commit-main",
      "provider": "provider[\"juniper/providers/junos-vsrx\"]",
      "instances": [
        {
          "schema_version": 0,
          "attributes": {
            "id": "13.90.244.235_destroycommit",
            "resource_name": "destroycommit"
          },
          "sensitive_attributes": [],
          "private": "bnVsbA=="
        }
      ]
    },
    {
      "module": "module.interfaces",
      "mode": "managed",
      "type": "junos-vsrx_InterfacesInterfaceDescription",
      "name": "InterfacesInterfaceDescription_1",
      "provider": "provider[\"juniper/providers/junos-vsrx\"]",
      "instances": [
        {
          "schema_version": 0,
          "attributes": {
            "description": "LEFT-UNTRUST",
            "id": "13.68.239.180_JTAF-vSRX-Interfaces1",
            "name": "ge-0/0/0",
            "resource_name": "JTAF-vSRX-Interfaces1"
          },
          "sensitive_attributes": [],
          "private": "bnVsbA==",
          "dependencies": [
            "junos-vsrx_destroycommit.commit-main"
          ]
        }
      ]
    },
    {
      "module": "module.interfaces",
      "mode": "managed",
      "type": "junos-vsrx_InterfacesInterfaceDescription",
      "name": "InterfacesInterfaceDescription_2",
      "provider": "provider[\"juniper/providers/junos-vsrx\"]",
      "instances": [
        {
          "schema_version": 0,
          "attributes": {
            "description": "RIGHT-TRUST",
            "id": "13.68.239.180_JTAF-vSRX-Interfaces5",
            "name": "ge-0/0/1",
            "resource_name": "JTAF-vSRX-Interfaces5"
          },
          "sensitive_attributes": [],
          "private": "bnVsbA==",
          "dependencies": [
            "junos-vsrx_destroycommit.commit-main"
          ]
        }
      ]
    },
    {
      "module": "module.interfaces",
      "mode": "managed",
      "type": "junos-vsrx_InterfacesInterfaceUnitFamilyInetAddressName",
      "name": "InterfacesInterfaceUnitFamilyInetAddressName_1",
      "provider": "provider[\"juniper/providers/junos-vsrx\"]",
      "instances": [
        {
          "schema_version": 0,
          "attributes": {
            "id": "13.68.239.180_JTAF-vSRX-Interfaces2",
            "name": "ge-0/0/0",
            "name__1": "0",
            "name__2": "107.127.96.37/27",
            "resource_name": "JTAF-vSRX-Interfaces2"
          },
          "sensitive_attributes": [],
          "private": "bnVsbA==",
          "dependencies": [
            "junos-vsrx_destroycommit.commit-main"
          ]
        }
      ]
    },
    {
      "module": "module.interfaces",
      "mode": "managed",
      "type": "junos-vsrx_InterfacesInterfaceUnitFamilyInetAddressName",
      "name": "InterfacesInterfaceUnitFamilyInetAddressName_2",
      "provider": "provider[\"juniper/providers/junos-vsrx\"]",
      "instances": [
        {
          "schema_version": 0,
          "attributes": {
            "id": "13.68.239.180_JTAF-vSRX-Interfaces6",
            "name": "ge-0/0/1",
            "name__1": "0",
            "name__2": "107.127.96.38/27",
            "resource_name": "JTAF-vSRX-Interfaces6"
          },
          "sensitive_attributes": [],
          "private": "bnVsbA==",
          "dependencies": [
            "junos-vsrx_destroycommit.commit-main"
          ]
        }
      ]
    },
    {
      "module": "module.interfaces",
      "mode": "managed",
      "type": "junos-vsrx_SecurityZonesSecurity__ZoneInterfacesHost__Inbound__TrafficProtocolsName",
      "name": "seczonesprotocol_1",
      "provider": "provider[\"juniper/providers/junos-vsrx\"]",
      "instances": [
        {
          "schema_version": 0,
          "attributes": {
            "id": "13.68.239.180_JTAF-vSRX-Interfaces3",
            "name": "untrust",
            "name__1": "ge-0/0/0.0",
            "name__2": "all",
            "resource_name": "JTAF-vSRX-Interfaces3"
          },
          "sensitive_attributes": [],
          "private": "bnVsbA==",
          "dependencies": [
            "junos-vsrx_destroycommit.commit-main"
          ]
        }
      ]
    },
    {
      "module": "module.interfaces",
      "mode": "managed",
      "type": "junos-vsrx_SecurityZonesSecurity__ZoneInterfacesHost__Inbound__TrafficProtocolsName",
      "name": "seczonesprotocol_2",
      "provider": "provider[\"juniper/providers/junos-vsrx\"]",
      "instances": [
        {
          "schema_version": 0,
          "attributes": {
            "id": "13.68.239.180_JTAF-vSRX-Interfaces7",
            "name": "untrust",
            "name__1": "ge-0/0/1.0",
            "name__2": "all",
            "resource_name": "JTAF-vSRX-Interfaces7"
          },
          "sensitive_attributes": [],
          "private": "bnVsbA==",
          "dependencies": [
            "junos-vsrx_destroycommit.commit-main"
          ]
        }
      ]
    },
    {
      "module": "module.interfaces",
      "mode": "managed",
      "type": "junos-vsrx_SecurityZonesSecurity__ZoneInterfacesHost__Inbound__TrafficSystem__ServicesName",
      "name": "seczonesservices_1",
      "provider": "provider[\"juniper/providers/junos-vsrx\"]",
      "instances": [
        {
          "schema_version": 0,
          "attributes": {
            "id": "13.68.239.180_JTAF-vSRX-Interfaces4",
            "name": "untrust",
            "name__1": "ge-0/0/0.0",
            "name__2": "all",
            "resource_name": "JTAF-vSRX-Interfaces4"
          },
          "sensitive_attributes": [],
          "private": "bnVsbA==",
          "dependencies": [
            "junos-vsrx_destroycommit.commit-main"
          ]
        }
      ]
    },
    {
      "module": "module.interfaces",
      "mode": "managed",
      "type": "junos-vsrx_SecurityZonesSecurity__ZoneInterfacesHost__Inbound__TrafficSystem__ServicesName",
      "name": "seczonesservices_2",
      "provider": "provider[\"juniper/providers/junos-vsrx\"]",
      "instances": [
        {
          "schema_version": 0,
          "attributes": {
            "id": "13.68.239.180_JTAF-vSRX-Interfaces8",
            "name": "untrust",
            "name__1": "ge-0/0/1.0",
            "name__2": "all",
            "resource_name": "JTAF-vSRX-Interfaces8"
          },
          "sensitive_attributes": [],
          "private": "bnVsbA==",
          "dependencies": [
            "junos-vsrx_destroycommit.commit-main"
          ]
        }
      ]
    },
    {
      "module": "module.ipsec",
      "mode": "managed",
      "type": "junos-vsrx_InterfacesInterfaceDescription",
      "name": "InterfacesInterfaceDescription_st0",
      "provider": "provider[\"juniper/providers/junos-vsrx\"]",
      "instances": [
        {
          "schema_version": 0,
          "attributes": {
            "description": "customer interface 1",
            "id": "13.68.239.180_JTAF-IPSEC-ST-Interfaces1",
            "name": "st0",
            "resource_name": "JTAF-IPSEC-ST-Interfaces1"
          },
          "sensitive_attributes": [],
          "private": "bnVsbA==",
          "dependencies": [
            "junos-vsrx_destroycommit.commit-main"
          ]
        }
      ]
    },
    {
      "module": "module.ipsec",
      "mode": "managed",
      "type": "junos-vsrx_InterfacesInterfaceUnitFamilyInetAddressName",
      "name": "InterfacesInterfaceUnitFamilyInetAddressName_st0",
      "provider": "provider[\"juniper/providers/junos-vsrx\"]",
      "instances": [
        {
          "schema_version": 0,
          "attributes": {
            "id": "13.68.239.180_JTAF-IPSEC-ST-Interfaces2",
            "name": "st0",
            "name__1": "0",
            "name__2": "172.10.1.1/30",
            "resource_name": "JTAF-IPSEC-ST-Interfaces2"
          },
          "sensitive_attributes": [],
          "private": "bnVsbA==",
          "dependencies": [
            "junos-vsrx_destroycommit.commit-main"
          ]
        }
      ]
    },
    {
      "module": "module.ipsec",
      "mode": "managed",
      "type": "junos-vsrx_SecurityIkeGatewayAddress",
      "name": "ikeGwAddress",
      "provider": "provider[\"juniper/providers/junos-vsrx\"]",
      "instances": [
        {
          "schema_version": 0,
          "attributes": {
            "address": "101.101.101.13",
            "id": "13.68.239.180_JTAF-IKE8",
            "name": "ike-gw",
            "resource_name": "JTAF-IKE8"
          },
          "sensitive_attributes": [],
          "private": "bnVsbA==",
          "dependencies": [
            "junos-vsrx_destroycommit.commit-main"
          ]
        }
      ]
    },
    {
      "module": "module.ipsec",
      "mode": "managed",
      "type": "junos-vsrx_SecurityIkeGatewayExternal__Interface",
      "name": "ikeGwExtIntf",
      "provider": "provider[\"juniper/providers/junos-vsrx\"]",
      "instances": [
        {
          "schema_version": 0,
          "attributes": {
            "external__interface": "ge-0/0/0.0",
            "id": "13.68.239.180_JTAF-IKE11",
            "name": "ike-gw",
            "resource_name": "JTAF-IKE11"
          },
          "sensitive_attributes": [],
          "private": "bnVsbA==",
          "dependencies": [
            "junos-vsrx_destroycommit.commit-main"
          ]
        }
      ]
    },
    {
      "module": "module.ipsec",
      "mode": "managed",
      "type": "junos-vsrx_SecurityIkeGatewayIke__Policy",
      "name": "ikeGwPolicy",
      "provider": "provider[\"juniper/providers/junos-vsrx\"]",
      "instances": [
        {
          "schema_version": 0,
          "attributes": {
            "id": "13.68.239.180_JTAF-IKE9",
            "ike__policy": "ike-ph1-policy",
            "name": "ike-gw",
            "resource_name": "JTAF-IKE9"
          },
          "sensitive_attributes": [],
          "private": "bnVsbA==",
          "dependencies": [
            "junos-vsrx_destroycommit.commit-main"
          ]
        }
      ]
    },
    {
      "module": "module.ipsec",
      "mode": "managed",
      "type": "junos-vsrx_SecurityIkeGatewayLocal__Address",
      "name": "ikeGwLocalAddr",
      "provider": "provider[\"juniper/providers/junos-vsrx\"]",
      "instances": [
        {
          "schema_version": 0,
          "attributes": {
            "id": "13.68.239.180_JTAF-IKE10",
            "local__address": "101.101.101.3",
            "name": "ike-gw",
            "resource_name": "JTAF-IKE10"
          },
          "sensitive_attributes": [],
          "private": "bnVsbA==",
          "dependencies": [
            "junos-vsrx_destroycommit.commit-main"
          ]
        }
      ]
    },
    {
      "module": "module.ipsec",
      "mode": "managed",
      "type": "junos-vsrx_SecurityIkeGatewayVersion",
      "name": "ikeGwVer",
      "provider": "provider[\"juniper/providers/junos-vsrx\"]",
      "instances": [
        {
          "schema_version": 0,
          "attributes": {
            "id": "13.68.239.180_JTAF-IKE12",
            "name": "ike-gw",
            "resource_name": "JTAF-IKE12",
            "version": "v2-only"
          },
          "sensitive_attributes": [],
          "private": "bnVsbA==",
          "dependencies": [
            "junos-vsrx_destroycommit.commit-main"
          ]
        }
      ]
    },
    {
      "module": "module.ipsec",
      "mode": "managed",
      "type": "junos-vsrx_SecurityIkePolicyPre__Shared__KeyAscii__Text",
      "name": "ikePsk",
      "provider": "provider[\"juniper/providers/junos-vsrx\"]",
      "instances": [
        {
          "schema_version": 0,
          "attributes": {
            "ascii__text": "$9$UfDHmzF/p0IfTBE",
            "id": "13.68.239.180_JTAF-IKE7",
            "name": "ike-ph1-policy",
            "resource_name": "JTAF-IKE7"
          },
          "sensitive_attributes": [],
          "private": "bnVsbA==",
          "dependencies": [
            "junos-vsrx_destroycommit.commit-main"
          ]
        }
      ]
    },
    {
      "module": "module.ipsec",
      "mode": "managed",
      "type": "junos-vsrx_SecurityIkePolicyProposals",
      "name": "ikePolicyProp",
      "provider": "provider[\"juniper/providers/junos-vsrx\"]",
      "instances": [
        {
          "schema_version": 0,
          "attributes": {
            "id": "13.68.239.180_JTAF-IKE6",
            "name": "ike-ph1-policy",
            "proposals": "ike-ph1-proposal",
            "resource_name": "JTAF-IKE6"
          },
          "sensitive_attributes": [],
          "private": "bnVsbA==",
          "dependencies": [
            "junos-vsrx_destroycommit.commit-main"
          ]
        }
      ]
    },
    {
      "module": "module.ipsec",
      "mode": "managed",
      "type": "junos-vsrx_SecurityIkeProposalAuthentication__Algorithm",
      "name": "ikeAuthAlgo",
      "provider": "provider[\"juniper/providers/junos-vsrx\"]",
      "instances": [
        {
          "schema_version": 0,
          "attributes": {
            "authentication__algorithm": "sha1",
            "id": "13.68.239.180_JTAF-IKE3",
            "name": "ike-ph1-proposal",
            "resource_name": "JTAF-IKE3"
          },
          "sensitive_attributes": [],
          "private": "bnVsbA==",
          "dependencies": [
            "junos-vsrx_destroycommit.commit-main"
          ]
        }
      ]
    },
    {
      "module": "module.ipsec",
      "mode": "managed",
      "type": "junos-vsrx_SecurityIkeProposalAuthentication__Method",
      "name": "ikeAuth",
      "provider": "provider[\"juniper/providers/junos-vsrx\"]",
      "instances": [
        {
          "schema_version": 0,
          "attributes": {
            "authentication__method": "pre-shared-keys",
            "id": "13.68.239.180_JTAF-IKE1",
            "name": "ike-ph1-proposal",
            "resource_name": "JTAF-IKE1"
          },
          "sensitive_attributes": [],
          "private": "bnVsbA==",
          "dependencies": [
            "junos-vsrx_destroycommit.commit-main"
          ]
        }
      ]
    },
    {
      "module": "module.ipsec",
      "mode": "managed",
      "type": "junos-vsrx_SecurityIkeProposalDh__Group",
      "name": "ikeDh",
      "provider": "provider[\"juniper/providers/junos-vsrx\"]",
      "instances": [
        {
          "schema_version": 0,
          "attributes": {
            "dh__group": "group2",
            "id": "13.68.239.180_JTAF-IKE2",
            "name": "ike-ph1-proposal",
            "resource_name": "JTAF-IKE2"
          },
          "sensitive_attributes": [],
          "private": "bnVsbA==",
          "dependencies": [
            "junos-vsrx_destroycommit.commit-main"
          ]
        }
      ]
    },
    {
      "module": "module.ipsec",
      "mode": "managed",
      "type": "junos-vsrx_SecurityIkeProposalEncryption__Algorithm",
      "name": "ikeEncryptAlgo",
      "provider": "provider[\"juniper/providers/junos-vsrx\"]",
      "instances": [
        {
          "schema_version": 0,
          "attributes": {
            "encryption__algorithm": "aes-256-cbc",
            "id": "13.68.239.180_JTAF-IKE4",
            "name": "ike-ph1-proposal",
            "resource_name": "JTAF-IKE4"
          },
          "sensitive_attributes": [],
          "private": "bnVsbA==",
          "dependencies": [
            "junos-vsrx_destroycommit.commit-main"
          ]
        }
      ]
    },
    {
      "module": "module.ipsec",
      "mode": "managed",
      "type": "junos-vsrx_SecurityIkeProposalLifetime__Seconds",
      "name": "ikeLifeSec",
      "provider": "provider[\"juniper/providers/junos-vsrx\"]",
      "instances": [
        {
          "schema_version": 0,
          "attributes": {
            "id": "13.68.239.180_JTAF-IKE5",
            "lifetime__seconds": "10800",
            "name": "ike-ph1-proposal",
            "resource_name": "JTAF-IKE5"
          },
          "sensitive_attributes": [],
          "private": "bnVsbA==",
          "dependencies": [
            "junos-vsrx_destroycommit.commit-main"
          ]
        }
      ]
    },
    {
      "module": "module.ipsec",
      "mode": "managed",
      "type": "junos-vsrx_SecurityIpsecPolicyPerfect__Forward__SecrecyKeys",
      "name": "ipsecPolPfs",
      "provider": "provider[\"juniper/providers/junos-vsrx\"]",
      "instances": [
        {
          "schema_version": 0,
          "attributes": {
            "id": "13.68.239.180_JTAF_IPSEC7",
            "keys": "group2",
            "name": "ipsec-policy",
            "resource_name": "JTAF_IPSEC7"
          },
          "sensitive_attributes": [],
          "private": "bnVsbA==",
          "dependencies": [
            "junos-vsrx_destroycommit.commit-main"
          ]
        }
      ]
    },
    {
      "module": "module.ipsec",
      "mode": "managed",
      "type": "junos-vsrx_SecurityIpsecPolicyProposals",
      "name": "ipsecPolProp",
      "provider": "provider[\"juniper/providers/junos-vsrx\"]",
      "instances": [
        {
          "schema_version": 0,
          "attributes": {
            "id": "13.68.239.180_JTAF_IPSEC8",
            "name": "ipsec-policy",
            "proposals": "ipsec-ph2",
            "resource_name": "JTAF_IPSEC8"
          },
          "sensitive_attributes": [],
          "private": "bnVsbA==",
          "dependencies": [
            "junos-vsrx_destroycommit.commit-main"
          ]
        }
      ]
    },
    {
      "module": "module.ipsec",
      "mode": "managed",
      "type": "junos-vsrx_SecurityIpsecProposalAuthentication__Algorithm",
      "name": "ipsecPropAuthAlgo",
      "provider": "provider[\"juniper/providers/junos-vsrx\"]",
      "instances": [
        {
          "schema_version": 0,
          "attributes": {
            "authentication__algorithm": "hmac-sha1-96",
            "id": "13.68.239.180_JTAF_IPSEC4",
            "name": "ipsec-ph2",
            "resource_name": "JTAF_IPSEC4"
          },
          "sensitive_attributes": [],
          "private": "bnVsbA==",
          "dependencies": [
            "junos-vsrx_destroycommit.commit-main"
          ]
        }
      ]
    },
    {
      "module": "module.ipsec",
      "mode": "managed",
      "type": "junos-vsrx_SecurityIpsecProposalEncryption__Algorithm",
      "name": "ipsecPropEncryptAlgo",
      "provider": "provider[\"juniper/providers/junos-vsrx\"]",
      "instances": [
        {
          "schema_version": 0,
          "attributes": {
            "encryption__algorithm": "aes-256-cbc",
            "id": "13.68.239.180_JTAF_IPSEC5",
            "name": "ipsec-ph2",
            "resource_name": "JTAF_IPSEC5"
          },
          "sensitive_attributes": [],
          "private": "bnVsbA==",
          "dependencies": [
            "junos-vsrx_destroycommit.commit-main"
          ]
        }
      ]
    },
    {
      "module": "module.ipsec",
      "mode": "managed",
      "type": "junos-vsrx_SecurityIpsecProposalLifetime__Seconds",
      "name": "ipsecPropLifeSec",
      "provider": "provider[\"juniper/providers/junos-vsrx\"]",
      "instances": [
        {
          "schema_version": 0,
          "attributes": {
            "id": "13.68.239.180_JTAF_IPSEC6",
            "lifetime__seconds": "2000",
            "name": "ipsec-ph2",
            "resource_name": "JTAF_IPSEC6"
          },
          "sensitive_attributes": [],
          "private": "bnVsbA==",
          "dependencies": [
            "junos-vsrx_destroycommit.commit-main"
          ]
        }
      ]
    },
    {
      "module": "module.ipsec",
      "mode": "managed",
      "type": "junos-vsrx_SecurityIpsecProposalProtocol",
      "name": "ipsecPropProto",
      "provider": "provider[\"juniper/providers/junos-vsrx\"]",
      "instances": [
        {
          "schema_version": 0,
          "attributes": {
            "id": "13.68.239.180_JTAF_IPSEC3",
            "name": "ipsec-ph2",
            "protocol": "esp",
            "resource_name": "JTAF_IPSEC3"
          },
          "sensitive_attributes": [],
          "private": "bnVsbA==",
          "dependencies": [
            "junos-vsrx_destroycommit.commit-main"
          ]
        }
      ]
    },
    {
      "module": "module.ipsec",
      "mode": "managed",
      "type": "junos-vsrx_SecurityIpsecVpnBind__Interface",
      "name": "ipsecBindIntf",
      "provider": "provider[\"juniper/providers/junos-vsrx\"]",
      "instances": [
        {
          "schema_version": 0,
          "attributes": {
            "bind__interface": "st0.0",
            "id": "13.68.239.180_JTAF_IPSEC9",
            "name": "ipsec-1",
            "resource_name": "JTAF_IPSEC9"
          },
          "sensitive_attributes": [],
          "private": "bnVsbA==",
          "dependencies": [
            "junos-vsrx_destroycommit.commit-main"
          ]
        }
      ]
    },
    {
      "module": "module.ipsec",
      "mode": "managed",
      "type": "junos-vsrx_SecurityIpsecVpnEstablish__Tunnels",
      "name": "estdTunnel",
      "provider": "provider[\"juniper/providers/junos-vsrx\"]",
      "instances": [
        {
          "schema_version": 0,
          "attributes": {
            "establish__tunnels": "immediately",
            "id": "13.68.239.180_JTAF_IPSEC12",
            "name": "ipsec-1",
            "resource_name": "JTAF_IPSEC12"
          },
          "sensitive_attributes": [],
          "private": "bnVsbA==",
          "dependencies": [
            "junos-vsrx_destroycommit.commit-main"
          ]
        }
      ]
    },
    {
      "module": "module.ipsec",
      "mode": "managed",
      "type": "junos-vsrx_SecurityIpsecVpnIkeGateway",
      "name": "ipsecIkeGw",
      "provider": "provider[\"juniper/providers/junos-vsrx\"]",
      "instances": [
        {
          "schema_version": 0,
          "attributes": {
            "gateway": "ike-gw",
            "id": "13.68.239.180_JTAF_IPSEC10",
            "name": "ipsec-1",
            "resource_name": "JTAF_IPSEC10"
          },
          "sensitive_attributes": [],
          "private": "bnVsbA==",
          "dependencies": [
            "junos-vsrx_destroycommit.commit-main",
            "module.ipsec.junos-vsrx_SecurityIkeGatewayAddress.ikeGwAddress",
            "module.ipsec.junos-vsrx_SecurityZonesSecurity__ZoneInterfacesHost__Inbound__TrafficProtocolsName.seczonesprotocol_st0",
            "module.ipsec.junos-vsrx_SecurityZonesSecurity__ZoneInterfacesHost__Inbound__TrafficSystem__ServicesName.seczonesservices_st0"
          ]
        }
      ]
    },
    {
      "module": "module.ipsec",
      "mode": "managed",
      "type": "junos-vsrx_SecurityIpsecVpnIkeIpsec__Policy",
      "name": "ipsecPol",
      "provider": "provider[\"juniper/providers/junos-vsrx\"]",
      "instances": [
        {
          "schema_version": 0,
          "attributes": {
            "id": "13.68.239.180_JTAF_IPSEC11",
            "ipsec__policy": "ipsec-policy",
            "name": "ipsec-1",
            "resource_name": "JTAF_IPSEC11"
          },
          "sensitive_attributes": [],
          "private": "bnVsbA==",
          "dependencies": [
            "junos-vsrx_destroycommit.commit-main"
          ]
        }
      ]
    },
    {
      "module": "module.ipsec",
      "mode": "managed",
      "type": "junos-vsrx_SecurityIpsecVpnTraffic__SelectorLocal__Ip",
      "name": "TrafficSelector_VPN2",
      "provider": "provider[\"juniper/providers/junos-vsrx\"]",
      "instances": [
        {
          "schema_version": 0,
          "attributes": {
            "id": "13.68.239.180_JTAF_IPSEC2",
            "local__ip": "20.20.20.0/24",
            "name": "ipsec-1",
            "name__1": "ipsec-1-TS-1",
            "resource_name": "JTAF_IPSEC2"
          },
          "sensitive_attributes": [],
          "private": "bnVsbA==",
          "dependencies": [
            "junos-vsrx_destroycommit.commit-main",
            "module.ipsec.junos-vsrx_SecurityIkeGatewayAddress.ikeGwAddress",
            "module.ipsec.junos-vsrx_SecurityIpsecVpnBind__Interface.ipsecBindIntf",
            "module.ipsec.junos-vsrx_SecurityIpsecVpnIkeGateway.ipsecIkeGw",
            "module.ipsec.junos-vsrx_SecurityZonesSecurity__ZoneInterfacesHost__Inbound__TrafficProtocolsName.seczonesprotocol_st0",
            "module.ipsec.junos-vsrx_SecurityZonesSecurity__ZoneInterfacesHost__Inbound__TrafficSystem__ServicesName.seczonesservices_st0"
          ]
        }
      ]
    },
    {
      "module": "module.ipsec",
      "mode": "managed",
      "type": "junos-vsrx_SecurityIpsecVpnTraffic__SelectorRemote__Ip",
      "name": "TrafficSelector_VPN1",
      "provider": "provider[\"juniper/providers/junos-vsrx\"]",
      "instances": [
        {
          "schema_version": 0,
          "attributes": {
            "id": "13.68.239.180_JTAF_IPSEC1",
            "name": "ipsec-1",
            "name__1": "ipsec-1-TS-1",
            "remote__ip": "30.30.30.0/24",
            "resource_name": "JTAF_IPSEC1"
          },
          "sensitive_attributes": [],
          "private": "bnVsbA==",
          "dependencies": [
            "junos-vsrx_destroycommit.commit-main",
            "module.ipsec.junos-vsrx_SecurityIkeGatewayAddress.ikeGwAddress",
            "module.ipsec.junos-vsrx_SecurityIpsecVpnBind__Interface.ipsecBindIntf",
            "module.ipsec.junos-vsrx_SecurityIpsecVpnIkeGateway.ipsecIkeGw",
            "module.ipsec.junos-vsrx_SecurityZonesSecurity__ZoneInterfacesHost__Inbound__TrafficProtocolsName.seczonesprotocol_st0",
            "module.ipsec.junos-vsrx_SecurityZonesSecurity__ZoneInterfacesHost__Inbound__TrafficSystem__ServicesName.seczonesservices_st0"
          ]
        }
      ]
    },
    {
      "module": "module.ipsec",
      "mode": "managed",
      "type": "junos-vsrx_SecurityZonesSecurity__ZoneInterfacesHost__Inbound__TrafficProtocolsName",
      "name": "seczonesprotocol_st0",
      "provider": "provider[\"juniper/providers/junos-vsrx\"]",
      "instances": [
        {
          "schema_version": 0,
          "attributes": {
            "id": "13.68.239.180_JTAF-IPSEC-ST-Interfaces3",
            "name": "untrust",
            "name__1": "st0.0",
            "name__2": "all",
            "resource_name": "JTAF-IPSEC-ST-Interfaces3"
          },
          "sensitive_attributes": [],
          "private": "bnVsbA==",
          "dependencies": [
            "junos-vsrx_destroycommit.commit-main"
          ]
        }
      ]
    },
    {
      "module": "module.ipsec",
      "mode": "managed",
      "type": "junos-vsrx_SecurityZonesSecurity__ZoneInterfacesHost__Inbound__TrafficSystem__ServicesName",
      "name": "seczonesservices_st0",
      "provider": "provider[\"juniper/providers/junos-vsrx\"]",
      "instances": [
        {
          "schema_version": 0,
          "attributes": {
            "id": "13.68.239.180_JTAF-IPSEC-ST-Interfaces4",
            "name": "untrust",
            "name__1": "st0.0",
            "name__2": "all",
            "resource_name": "JTAF-IPSEC-ST-Interfaces4"
          },
          "sensitive_attributes": [],
          "private": "bnVsbA==",
          "dependencies": [
            "junos-vsrx_destroycommit.commit-main"
          ]
        }
      ]
    },
    {
      "module": "module.security-policies",
      "mode": "managed",
      "type": "junos-vsrx_ApplicationsApplicationDestination__Port",
      "name": "DPORT-26",
      "provider": "provider[\"juniper/providers/junos-vsrx\"]",
      "instances": [
        {
          "schema_version": 0,
          "attributes": {
            "destination__port": "26",
            "id": "13.68.239.180_JTAF-APPLICATION-2",
            "name": "TCP-26",
            "resource_name": "JTAF-APPLICATION-2"
          },
          "sensitive_attributes": [],
          "private": "bnVsbA==",
          "dependencies": [
            "junos-vsrx_destroycommit.commit-main"
          ]
        }
      ]
    },
    {
      "module": "module.security-policies",
      "mode": "managed",
      "type": "junos-vsrx_ApplicationsApplicationDestination__Port",
      "name": "DPORT-27",
      "provider": "provider[\"juniper/providers/junos-vsrx\"]",
      "instances": [
        {
          "schema_version": 0,
          "attributes": {
            "destination__port": "27",
            "id": "13.68.239.180_JTAF-APPLICATION-4",
            "name": "TCP-27",
            "resource_name": "JTAF-APPLICATION-4"
          },
          "sensitive_attributes": [],
          "private": "bnVsbA==",
          "dependencies": [
            "junos-vsrx_destroycommit.commit-main"
          ]
        }
      ]
    },
    {
      "module": "module.security-policies",
      "mode": "managed",
      "type": "junos-vsrx_ApplicationsApplicationProtocol",
      "name": "TCP-26",
      "provider": "provider[\"juniper/providers/junos-vsrx\"]",
      "instances": [
        {
          "schema_version": 0,
          "attributes": {
            "id": "13.68.239.180_JTAF-APPLICATION-1",
            "name": "TCP-26",
            "protocol": "tcp",
            "resource_name": "JTAF-APPLICATION-1"
          },
          "sensitive_attributes": [],
          "private": "bnVsbA==",
          "dependencies": [
            "junos-vsrx_destroycommit.commit-main"
          ]
        }
      ]
    },
    {
      "module": "module.security-policies",
      "mode": "managed",
      "type": "junos-vsrx_ApplicationsApplicationProtocol",
      "name": "TCP-27",
      "provider": "provider[\"juniper/providers/junos-vsrx\"]",
      "instances": [
        {
          "schema_version": 0,
          "attributes": {
            "id": "13.68.239.180_JTAF-APPLICATION-3",
            "name": "TCP-27",
            "protocol": "tcp",
            "resource_name": "JTAF-APPLICATION-3"
          },
          "sensitive_attributes": [],
          "private": "bnVsbA==",
          "dependencies": [
            "junos-vsrx_destroycommit.commit-main"
          ]
        }
      ]
    },
    {
      "module": "module.security-policies",
      "mode": "managed",
      "type": "junos-vsrx_SecurityAddress__BookAddressIp__Prefix",
      "name": "SecurityAddress__BookAddressIp__Prefix_1",
      "provider": "provider[\"juniper/providers/junos-vsrx\"]",
      "instances": [
        {
          "schema_version": 0,
          "attributes": {
            "id": "13.68.239.180_JTAF-ADDRESSBOOK-1",
            "ip__prefix": "10.0.7.9/32",
            "name": "global",
            "name__1": "source-1",
            "resource_name": "JTAF-ADDRESSBOOK-1"
          },
          "sensitive_attributes": [],
          "private": "bnVsbA==",
          "dependencies": [
            "junos-vsrx_destroycommit.commit-main"
          ]
        }
      ]
    },
    {
      "module": "module.security-policies",
      "mode": "managed",
      "type": "junos-vsrx_SecurityAddress__BookAddressIp__Prefix",
      "name": "SecurityAddress__BookAddressIp__Prefix_2",
      "provider": "provider[\"juniper/providers/junos-vsrx\"]",
      "instances": [
        {
          "schema_version": 0,
          "attributes": {
            "id": "13.68.239.180_JTAF-ADDRESSBOOK-2",
            "ip__prefix": "10.0.48.24/32",
            "name": "global",
            "name__1": "dest-1",
            "resource_name": "JTAF-ADDRESSBOOK-2"
          },
          "sensitive_attributes": [],
          "private": "bnVsbA==",
          "dependencies": [
            "junos-vsrx_destroycommit.commit-main"
          ]
        }
      ]
    },
    {
      "module": "module.security-policies",
      "mode": "managed",
      "type": "junos-vsrx_SecurityAddress__BookAddressIp__Prefix",
      "name": "SecurityAddress__BookAddressIp__Prefix_3",
      "provider": "provider[\"juniper/providers/junos-vsrx\"]",
      "instances": [
        {
          "schema_version": 0,
          "attributes": {
            "id": "13.68.239.180_JTAF-ADDRESSBOOK-3",
            "ip__prefix": "10.0.9.9/32",
            "name": "global",
            "name__1": "source-2",
            "resource_name": "JTAF-ADDRESSBOOK-3"
          },
          "sensitive_attributes": [],
          "private": "bnVsbA==",
          "dependencies": [
            "junos-vsrx_destroycommit.commit-main"
          ]
        }
      ]
    },
    {
      "module": "module.security-policies",
      "mode": "managed",
      "type": "junos-vsrx_SecurityAddress__BookAddressIp__Prefix",
      "name": "SecurityAddress__BookAddressIp__Prefix_4",
      "provider": "provider[\"juniper/providers/junos-vsrx\"]",
      "instances": [
        {
          "schema_version": 0,
          "attributes": {
            "id": "13.68.239.180_JTAF-ADDRESSBOOK-4",
            "ip__prefix": "10.0.10.9/32",
            "name": "global",
            "name__1": "dest-2",
            "resource_name": "JTAF-ADDRESSBOOK-4"
          },
          "sensitive_attributes": [],
          "private": "bnVsbA==",
          "dependencies": [
            "junos-vsrx_destroycommit.commit-main"
          ]
        }
      ]
    },
    {
      "module": "module.security-policies",
      "mode": "managed",
      "type": "junos-vsrx_SecurityAddress__BookAddress__SetAddressName",
      "name": "SecurityAddress__BookAddress__SetAddressName_1",
      "provider": "provider[\"juniper/providers/junos-vsrx\"]",
      "instances": [
        {
          "schema_version": 0,
          "attributes": {
            "id": "13.68.239.180_JTAF-ADDRESS_SET-1",
            "name": "global",
            "name__1": "address-set-source",
            "name__2": "source-1",
            "resource_name": "JTAF-ADDRESS_SET-1"
          },
          "sensitive_attributes": [],
          "private": "bnVsbA==",
          "dependencies": [
            "junos-vsrx_destroycommit.commit-main"
          ]
        }
      ]
    },
    {
      "module": "module.security-policies",
      "mode": "managed",
      "type": "junos-vsrx_SecurityAddress__BookAddress__SetAddressName",
      "name": "SecurityAddress__BookAddress__SetAddressName_2",
      "provider": "provider[\"juniper/providers/junos-vsrx\"]",
      "instances": [
        {
          "schema_version": 0,
          "attributes": {
            "id": "13.68.239.180_JTAF-ADDRESS_SET-2",
            "name": "global",
            "name__1": "address-set-dest",
            "name__2": "dest-1",
            "resource_name": "JTAF-ADDRESS_SET-2"
          },
          "sensitive_attributes": [],
          "private": "bnVsbA==",
          "dependencies": [
            "junos-vsrx_destroycommit.commit-main"
          ]
        }
      ]
    },
    {
      "module": "module.security-policies",
      "mode": "managed",
      "type": "junos-vsrx_SecurityPoliciesPolicyPolicyMatchApplication",
      "name": "SecurityPoliciesPolicyPolicyMatchApplication_1",
      "provider": "provider[\"juniper/providers/junos-vsrx\"]",
      "instances": [
        {
          "schema_version": 0,
          "attributes": {
            "application": "TCP-26",
            "from__zone__name": "untrust",
            "id": "13.68.239.180_JTAF-SECURITY_POLICIES_APP1",
            "name": "policy-1",
            "resource_name": "JTAF-SECURITY_POLICIES_APP1",
            "to__zone__name": "trust"
          },
          "sensitive_attributes": [],
          "private": "bnVsbA==",
          "dependencies": [
            "junos-vsrx_destroycommit.commit-main",
            "module.security-policies.junos-vsrx_ApplicationsApplicationProtocol.TCP-26"
          ]
        }
      ]
    },
    {
      "module": "module.security-policies",
      "mode": "managed",
      "type": "junos-vsrx_SecurityPoliciesPolicyPolicyMatchApplication",
      "name": "SecurityPoliciesPolicyPolicyMatchApplication_2",
      "provider": "provider[\"juniper/providers/junos-vsrx\"]",
      "instances": [
        {
          "schema_version": 0,
          "attributes": {
            "application": "TCP-27",
            "from__zone__name": "untrust",
            "id": "13.68.239.180_JTAF-SECURITY_POLICIES_APP2",
            "name": "policy-2",
            "resource_name": "JTAF-SECURITY_POLICIES_APP2",
            "to__zone__name": "trust"
          },
          "sensitive_attributes": [],
          "private": "bnVsbA==",
          "dependencies": [
            "junos-vsrx_destroycommit.commit-main",
            "module.security-policies.junos-vsrx_ApplicationsApplicationProtocol.TCP-27"
          ]
        }
      ]
    },
    {
      "module": "module.security-policies",
      "mode": "managed",
      "type": "junos-vsrx_SecurityPoliciesPolicyPolicyMatchDestination__Address",
      "name": "SecurityPoliciesPolicyPolicyMatchDestination__Address_1",
      "provider": "provider[\"juniper/providers/junos-vsrx\"]",
      "instances": [
        {
          "schema_version": 0,
          "attributes": {
            "destination__address": "dest-1",
            "from__zone__name": "untrust",
            "id": "13.68.239.180_JTAF-SECURITY_POLICIES_DEST1",
            "name": "policy-1",
            "resource_name": "JTAF-SECURITY_POLICIES_DEST1",
            "to__zone__name": "trust"
          },
          "sensitive_attributes": [],
          "private": "bnVsbA==",
          "dependencies": [
            "junos-vsrx_destroycommit.commit-main"
          ]
        }
      ]
    },
    {
      "module": "module.security-policies",
      "mode": "managed",
      "type": "junos-vsrx_SecurityPoliciesPolicyPolicyMatchDestination__Address",
      "name": "SecurityPoliciesPolicyPolicyMatchDestination__Address_2",
      "provider": "provider[\"juniper/providers/junos-vsrx\"]",
      "instances": [
        {
          "schema_version": 0,
          "attributes": {
            "destination__address": "dest-2",
            "from__zone__name": "untrust",
            "id": "13.68.239.180_JTAF-SECURITY_POLICIES_DEST2",
            "name": "policy-2",
            "resource_name": "JTAF-SECURITY_POLICIES_DEST2",
            "to__zone__name": "trust"
          },
          "sensitive_attributes": [],
          "private": "bnVsbA==",
          "dependencies": [
            "junos-vsrx_destroycommit.commit-main"
          ]
        }
      ]
    },
    {
      "module": "module.security-policies",
      "mode": "managed",
      "type": "junos-vsrx_SecurityPoliciesPolicyPolicyMatchSource__Address",
      "name": "SecurityPoliciesPolicyPolicyMatchSource__Address_1",
      "provider": "provider[\"juniper/providers/junos-vsrx\"]",
      "instances": [
        {
          "schema_version": 0,
          "attributes": {
            "from__zone__name": "untrust",
            "id": "13.68.239.180_JTAF-SECURITY_POLICIES_MATCH1",
            "name": "policy-1",
            "resource_name": "JTAF-SECURITY_POLICIES_MATCH1",
            "source__address": "source-1",
            "to__zone__name": "trust"
          },
          "sensitive_attributes": [],
          "private": "bnVsbA==",
          "dependencies": [
            "junos-vsrx_destroycommit.commit-main"
          ]
        }
      ]
    },
    {
      "module": "module.security-policies",
      "mode": "managed",
      "type": "junos-vsrx_SecurityPoliciesPolicyPolicyMatchSource__Address",
      "name": "SecurityPoliciesPolicyPolicyMatchSource__Address_2",
      "provider": "provider[\"juniper/providers/junos-vsrx\"]",
      "instances": [
        {
          "schema_version": 0,
          "attributes": {
            "from__zone__name": "untrust",
            "id": "13.68.239.180_JTAF-SECURITY_POLICIES_SOURCE2",
            "name": "policy-2",
            "resource_name": "JTAF-SECURITY_POLICIES_SOURCE2",
            "source__address": "source-2",
            "to__zone__name": "trust"
          },
          "sensitive_attributes": [],
          "private": "bnVsbA==",
          "dependencies": [
            "junos-vsrx_destroycommit.commit-main"
          ]
        }
      ]
    },
    {
      "module": "module.security-policies",
      "mode": "managed",
      "type": "junos-vsrx_SecurityPoliciesPolicyPolicyThenCount",
      "name": "SecurityPoliciesPolicyPolicyThenCount",
      "provider": "provider[\"juniper/providers/junos-vsrx\"]",
      "instances": [
        {
          "schema_version": 0,
          "attributes": {
            "from__zone__name": "untrust",
            "id": "13.68.239.180_JTAF-SECURITY_POLICIES_COUNT1",
            "name": "policy-1",
            "resource_name": "JTAF-SECURITY_POLICIES_COUNT1",
            "to__zone__name": "trust"
          },
          "sensitive_attributes": [],
          "private": "bnVsbA==",
          "dependencies": [
            "junos-vsrx_destroycommit.commit-main"
          ]
        }
      ]
    },
    {
      "module": "module.security-policies",
      "mode": "managed",
      "type": "junos-vsrx_SecurityPoliciesPolicyPolicyThenDeny",
      "name": "SecurityPoliciesPolicyPolicyThenDeny_2",
      "provider": "provider[\"juniper/providers/junos-vsrx\"]",
      "instances": [
        {
          "schema_version": 0,
          "attributes": {
            "from__zone__name": "untrust",
            "id": "13.68.239.180_JTAF-SECURITY_POLICIES_DENY2",
            "name": "policy-2",
            "resource_name": "JTAF-SECURITY_POLICIES_DENY2",
            "to__zone__name": "trust"
          },
          "sensitive_attributes": [],
          "private": "bnVsbA==",
          "dependencies": [
            "junos-vsrx_destroycommit.commit-main"
          ]
        }
      ]
    },
    {
      "module": "module.security-policies",
      "mode": "managed",
      "type": "junos-vsrx_SecurityPoliciesPolicyPolicyThenLogSession__Init",
      "name": "SecurityPoliciesPolicyPolicyThenLogSession__Init_1",
      "provider": "provider[\"juniper/providers/junos-vsrx\"]",
      "instances": [
        {
          "schema_version": 0,
          "attributes": {
            "from__zone__name": "untrust",
            "id": "13.68.239.180_JTAF-SECURITY_POLICIES_LOG1",
            "name": "policy-1",
            "resource_name": "JTAF-SECURITY_POLICIES_LOG1",
            "session__init": "",
            "to__zone__name": "trust"
          },
          "sensitive_attributes": [],
          "private": "bnVsbA==",
          "dependencies": [
            "junos-vsrx_destroycommit.commit-main"
          ]
        }
      ]
    },
    {
      "module": "module.security-policies",
      "mode": "managed",
      "type": "junos-vsrx_SecurityPoliciesPolicyPolicyThenPermit",
      "name": "SecurityPoliciesPolicyPolicyThenPermit__Policy_9",
      "provider": "provider[\"juniper/providers/junos-vsrx\"]",
      "instances": [
        {
          "schema_version": 0,
          "attributes": {
            "from__zone__name": "untrust",
            "id": "13.68.239.180_JTAF-SECURITY_POLICIES_PERMIT1",
            "name": "policy-1",
            "resource_name": "JTAF-SECURITY_POLICIES_PERMIT1",
            "to__zone__name": "trust"
          },
          "sensitive_attributes": [],
          "private": "bnVsbA==",
          "dependencies": [
            "junos-vsrx_destroycommit.commit-main"
          ]
        }
      ]
    },
    {
      "module": "module.vpn",
      "mode": "managed",
      "type": "junos-vsrx_Routing__InstancesInstanceDescription",
      "name": "l3vpn_description_1",
      "provider": "provider[\"juniper/providers/junos-vsrx\"]",
      "instances": [
        {
          "schema_version": 0,
          "attributes": {
            "description": "CUSTOMER-1 VRF",
            "id": "13.68.239.180_JTAF-L3VPN-1-DESCRIPTION",
            "name": "L3VPN-1",
            "resource_name": "JTAF-L3VPN-1-DESCRIPTION"
          },
          "sensitive_attributes": [],
          "private": "bnVsbA==",
          "dependencies": [
            "junos-vsrx_destroycommit.commit-main"
          ]
        }
      ]
    },
    {
      "module": "module.vpn",
      "mode": "managed",
      "type": "junos-vsrx_Routing__InstancesInstanceInstance__Type",
      "name": "l3vpn_instance_type_1",
      "provider": "provider[\"juniper/providers/junos-vsrx\"]",
      "instances": [
        {
          "schema_version": 0,
          "attributes": {
            "id": "13.68.239.180_JTAF-L3VPN-1-TYPE",
            "instance__type": "vrf",
            "name": "L3VPN-1",
            "resource_name": "JTAF-L3VPN-1-TYPE"
          },
          "sensitive_attributes": [],
          "private": "bnVsbA==",
          "dependencies": [
            "junos-vsrx_destroycommit.commit-main"
          ]
        }
      ]
    },
    {
      "module": "module.vpn",
      "mode": "managed",
      "type": "junos-vsrx_Routing__InstancesInstanceInterfaceName",
      "name": "l3vpn_interface_1_1",
      "provider": "provider[\"juniper/providers/junos-vsrx\"]",
      "instances": [
        {
          "schema_version": 0,
          "attributes": {
            "id": "13.68.239.180_JTAF-L3VPN-1-INTERFACE-1",
            "name": "L3VPN-1",
            "name__1": "ge-0/0/2.0",
            "resource_name": "JTAF-L3VPN-1-INTERFACE-1"
          },
          "sensitive_attributes": [],
          "private": "bnVsbA==",
          "dependencies": [
            "junos-vsrx_destroycommit.commit-main"
          ]
        }
      ]
    },
    {
      "module": "module.vpn",
      "mode": "managed",
      "type": "junos-vsrx_Routing__InstancesInstanceRoute__DistinguisherRd__Type",
      "name": "l3vpn_rd_1",
      "provider": "provider[\"juniper/providers/junos-vsrx\"]",
      "instances": [
        {
          "schema_version": 0,
          "attributes": {
            "id": "13.68.239.180_JTAF-L3VPN-1-RD",
            "name": "L3VPN-1",
            "rd__type": "100:100",
            "resource_name": "JTAF-L3VPN-1-RD"
          },
          "sensitive_attributes": [],
          "private": "bnVsbA==",
          "dependencies": [
            "junos-vsrx_destroycommit.commit-main"
          ]
        }
      ]
    },
    {
      "module": "module.vpn",
      "mode": "managed",
      "type": "junos-vsrx_Routing__InstancesInstanceVrf__Table__Label",
      "name": "l3vpn_tablelabel_1",
      "provider": "provider[\"juniper/providers/junos-vsrx\"]",
      "instances": [
        {
          "schema_version": 0,
          "attributes": {
            "id": "13.68.239.180_JTAF-L3VPN-1-TLABEL",
            "name": "L3VPN-1",
            "resource_name": "JTAF-L3VPN-1-TLABEL"
          },
          "sensitive_attributes": [],
          "private": "bnVsbA==",
          "dependencies": [
            "junos-vsrx_destroycommit.commit-main"
          ]
        }
      ]
    },
    {
      "module": "module.vpn",
      "mode": "managed",
      "type": "junos-vsrx_Routing__InstancesInstanceVrf__TargetCommunity",
      "name": "l3vpn_rt_1",
      "provider": "provider[\"juniper/providers/junos-vsrx\"]",
      "instances": [
        {
          "schema_version": 0,
          "attributes": {
            "community": "target:100:100",
            "id": "13.68.239.180_JTAF-L3VPN-1-RT",
            "name": "L3VPN-1",
            "resource_name": "JTAF-L3VPN-1-RT"
          },
          "sensitive_attributes": [],
          "private": "bnVsbA==",
          "dependencies": [
            "junos-vsrx_destroycommit.commit-main"
          ]
        }
      ]
    }
  ]
}
